
Microsoft Visual Studio Solution File, Format Version 12.00
# Visual Studio Version 16
VisualStudioVersion = 16.0.29613.14
MinimumVisualStudioVersion = 10.0.40219.1
Project("{FAE04EC0-301F-11D3-BF4B-00C04F79EFBC}") = "Vidly", "Vidly.csproj", "{DD28CACC-C761-4CEF-808C-5DE2B6790365}"
EndProject
Global
	GlobalSection(SolutionConfigurationPlatforms) = preSolution
		Debug|Any CPU = Debug|Any CPU
		Release|Any CPU = Release|Any CPU
	EndGlobalSection
	GlobalSection(ProjectConfigurationPlatforms) = postSolution
		{DD28CACC-C761-4CEF-808C-5DE2B6790365}.Debug|Any CPU.ActiveCfg = Debug|Any CPU
		{DD28CACC-C761-4CEF-808C-5DE2B6790365}.Debug|Any CPU.Build.0 = Debug|Any CPU
		{DD28CACC-C761-4CEF-808C-5DE2B6790365}.Release|Any CPU.ActiveCfg = Release|Any CPU
		{DD28CACC-C761-4CEF-808C-5DE2B6790365}.Release|Any CPU.Build.0 = Release|Any CPU
	EndGlobalSection
	GlobalSection(SolutionProperties) = preSolution
		HideSolutionNode = FALSE
	EndGlobalSection
	GlobalSection(ExtensibilityGlobals) = postSolution
		SolutionGuid = {E339B7E8-14F6-4B78-B710-C8179C4E5B1F}
	EndGlobalSection
EndGlobal
